// !$*UTF8*$!
{
	archiveVersion = 1;
	classes = {
	};
	objectVersion = 50;
	objects = {

/* Begin PBXBuildFile section */
		7D1FC1A620EEF3280015C236 /* IBAARCamera.h in Headers */ = {isa = PBXBuildFile; fileRef = 7D1FC1A420EEF3280015C236 /* IBAARCamera.h */; settings = {ATTRIBUTES = (Public, ); }; };
		7D1FC1A720EEF3280015C236 /* IBAARCamera.m in Sources */ = {isa = PBXBuildFile; fileRef = 7D1FC1A520EEF3280015C236 /* IBAARCamera.m */; };
		7D1FC1AA20EEFA700015C236 /* NSCoder+IBACodingHelpers.h in Headers */ = {isa = PBXBuildFile; fileRef = 7D1FC1A820EEFA700015C236 /* NSCoder+IBACodingHelpers.h */; settings = {ATTRIBUTES = (Public, ); }; };
		7D1FC1AB20EEFA700015C236 /* NSCoder+IBACodingHelpers.m in Sources */ = {isa = PBXBuildFile; fileRef = 7D1FC1A920EEFA700015C236 /* NSCoder+IBACodingHelpers.m */; };
		7D1FC1BE20EF064A0015C236 /* IBAARFrame.h in Headers */ = {isa = PBXBuildFile; fileRef = 7D1FC1BC20EF064A0015C236 /* IBAARFrame.h */; settings = {ATTRIBUTES = (Public, ); }; };
		7D1FC1BF20EF064A0015C236 /* IBAARFrame.m in Sources */ = {isa = PBXBuildFile; fileRef = 7D1FC1BD20EF064A0015C236 /* IBAARFrame.m */; };
		7D2D738620F83672003883B8 /* IBAARAnchor.h in Headers */ = {isa = PBXBuildFile; fileRef = 7D2D738420F83672003883B8 /* IBAARAnchor.h */; settings = {ATTRIBUTES = (Public, ); }; };
		7D2D738720F83672003883B8 /* IBAARAnchor.m in Sources */ = {isa = PBXBuildFile; fileRef = 7D2D738520F83672003883B8 /* IBAARAnchor.m */; };
		7D2D73AC20F86D2D003883B8 /* IBAARPlaneAnchor.h in Headers */ = {isa = PBXBuildFile; fileRef = 7D2D73AA20F86D2D003883B8 /* IBAARPlaneAnchor.h */; settings = {ATTRIBUTES = (Public, ); }; };
		7D2D73AD20F86D2D003883B8 /* IBAARPlaneAnchor.m in Sources */ = {isa = PBXBuildFile; fileRef = 7D2D73AB20F86D2D003883B8 /* IBAARPlaneAnchor.m */; };
		7D2D73B120F871DF003883B8 /* IBAServerMessage.h in Headers */ = {isa = PBXBuildFile; fileRef = 7D2D73AF20F871DF003883B8 /* IBAServerMessage.h */; settings = {ATTRIBUTES = (Public, ); }; };
		7D2D73B220F871DF003883B8 /* IBAServerMessage.m in Sources */ = {isa = PBXBuildFile; fileRef = 7D2D73B020F871DF003883B8 /* IBAServerMessage.m */; };
		7D51F3C320E5C8DC00C5B07A /* Core.h in Headers */ = {isa = PBXBuildFile; fileRef = 7D45E0E520E5BCDF007F60CC /* Core.h */; settings = {ATTRIBUTES = (Public, ); }; };
		7D51F3CC20E6214600C5B07A /* IBAARPointCloud.h in Headers */ = {isa = PBXBuildFile; fileRef = 7D51F3CA20E6214600C5B07A /* IBAARPointCloud.h */; settings = {ATTRIBUTES = (Public, ); }; };
		7D51F3CD20E6214600C5B07A /* IBAARPointCloud.m in Sources */ = {isa = PBXBuildFile; fileRef = 7D51F3CB20E6214600C5B07A /* IBAARPointCloud.m */; };
		7D51F3D920E62B3A00C5B07A /* IBAARConstants.h in Headers */ = {isa = PBXBuildFile; fileRef = 7D51F3D720E62B3A00C5B07A /* IBAARConstants.h */; settings = {ATTRIBUTES = (Public, ); }; };
		7D51F3DA20E62B3A00C5B07A /* IBAARConstants.m in Sources */ = {isa = PBXBuildFile; fileRef = 7D51F3D820E62B3A00C5B07A /* IBAARConstants.m */; };
		7D638F79210ABEDD00609536 /* IBAARLightEstimate.h in Headers */ = {isa = PBXBuildFile; fileRef = 7D638F77210ABEDD00609536 /* IBAARLightEstimate.h */; settings = {ATTRIBUTES = (Public, ); }; };
		7D638F7A210ABEDD00609536 /* IBAARLightEstimate.m in Sources */ = {isa = PBXBuildFile; fileRef = 7D638F78210ABEDD00609536 /* IBAARLightEstimate.m */; };
		7D6EBAB620FA23C700A2CA78 /* IBAMemoryUtilities.h in Headers */ = {isa = PBXBuildFile; fileRef = 7D6EBAB420FA23C700A2CA78 /* IBAMemoryUtilities.h */; settings = {ATTRIBUTES = (Public, ); }; };
		7D6EBAB720FA23C700A2CA78 /* IBAMemoryUtilities.m in Sources */ = {isa = PBXBuildFile; fileRef = 7D6EBAB520FA23C700A2CA78 /* IBAMemoryUtilities.m */; };
		7D89A18020F9FD6000F95F75 /* IBAARPlaneGeometry.h in Headers */ = {isa = PBXBuildFile; fileRef = 7D89A17E20F9FD6000F95F75 /* IBAARPlaneGeometry.h */; settings = {ATTRIBUTES = (Public, ); }; };
		7D89A18120F9FD6000F95F75 /* IBAARPlaneGeometry.m in Sources */ = {isa = PBXBuildFile; fileRef = 7D89A17F20F9FD6000F95F75 /* IBAARPlaneGeometry.m */; };
		7DF5530220F0BBD500B50FDD /* IBABox.h in Headers */ = {isa = PBXBuildFile; fileRef = 7DF5530020F0BBD500B50FDD /* IBABox.h */; settings = {ATTRIBUTES = (Public, ); }; };
		7DF5530320F0BBD500B50FDD /* IBABox.m in Sources */ = {isa = PBXBuildFile; fileRef = 7DF5530120F0BBD500B50FDD /* IBABox.m */; };
		7DF5530A20F0C71E00B50FDD /* IBASimdUtilities.h in Headers */ = {isa = PBXBuildFile; fileRef = 7DF5530820F0C71E00B50FDD /* IBASimdUtilities.h */; settings = {ATTRIBUTES = (Public, ); }; };
		7DF5530B20F0C71E00B50FDD /* IBASimdUtilities.m in Sources */ = {isa = PBXBuildFile; fileRef = 7DF5530920F0C71E00B50FDD /* IBASimdUtilities.m */; };
/* End PBXBuildFile section */

/* Begin PBXFileReference section */
		7D1FC1A420EEF3280015C236 /* IBAARCamera.h */ = {isa = PBXFileReference; lastKnownFileType = sourcecode.c.h; path = IBAARCamera.h; sourceTree = "<group>"; };
		7D1FC1A520EEF3280015C236 /* IBAARCamera.m */ = {isa = PBXFileReference; lastKnownFileType = sourcecode.c.objc; path = IBAARCamera.m; sourceTree = "<group>"; };
		7D1FC1A820EEFA700015C236 /* NSCoder+IBACodingHelpers.h */ = {isa = PBXFileReference; lastKnownFileType = sourcecode.c.h; path = "NSCoder+IBACodingHelpers.h"; sourceTree = "<group>"; };
		7D1FC1A920EEFA700015C236 /* NSCoder+IBACodingHelpers.m */ = {isa = PBXFileReference; lastKnownFileType = sourcecode.c.objc; path = "NSCoder+IBACodingHelpers.m"; sourceTree = "<group>"; };
		7D1FC1BC20EF064A0015C236 /* IBAARFrame.h */ = {isa = PBXFileReference; lastKnownFileType = sourcecode.c.h; path = IBAARFrame.h; sourceTree = "<group>"; };
		7D1FC1BD20EF064A0015C236 /* IBAARFrame.m */ = {isa = PBXFileReference; lastKnownFileType = sourcecode.c.objc; path = IBAARFrame.m; sourceTree = "<group>"; };
		7D2D738420F83672003883B8 /* IBAARAnchor.h */ = {isa = PBXFileReference; lastKnownFileType = sourcecode.c.h; path = IBAARAnchor.h; sourceTree = "<group>"; };
		7D2D738520F83672003883B8 /* IBAARAnchor.m */ = {isa = PBXFileReference; lastKnownFileType = sourcecode.c.objc; path = IBAARAnchor.m; sourceTree = "<group>"; };
		7D2D73AA20F86D2D003883B8 /* IBAARPlaneAnchor.h */ = {isa = PBXFileReference; lastKnownFileType = sourcecode.c.h; path = IBAARPlaneAnchor.h; sourceTree = "<group>"; };
		7D2D73AB20F86D2D003883B8 /* IBAARPlaneAnchor.m */ = {isa = PBXFileReference; lastKnownFileType = sourcecode.c.objc; path = IBAARPlaneAnchor.m; sourceTree = "<group>"; };
		7D2D73AF20F871DF003883B8 /* IBAServerMessage.h */ = {isa = PBXFileReference; lastKnownFileType = sourcecode.c.h; path = IBAServerMessage.h; sourceTree = "<group>"; };
		7D2D73B020F871DF003883B8 /* IBAServerMessage.m */ = {isa = PBXFileReference; lastKnownFileType = sourcecode.c.objc; path = IBAServerMessage.m; sourceTree = "<group>"; };
		7D45E0E220E5BCDF007F60CC /* libCore.a */ = {isa = PBXFileReference; explicitFileType = archive.ar; includeInIndex = 0; path = libCore.a; sourceTree = BUILT_PRODUCTS_DIR; };
		7D45E0E520E5BCDF007F60CC /* Core.h */ = {isa = PBXFileReference; lastKnownFileType = sourcecode.c.h; path = Core.h; sourceTree = "<group>"; };
		7D51F3A620E5C09F00C5B07A /* Project-Shared.xcconfig */ = {isa = PBXFileReference; fileEncoding = 4; lastKnownFileType = text.xcconfig; path = "Project-Shared.xcconfig"; sourceTree = "<group>"; };
		7D51F3C020E5C61B00C5B07A /* Core.modulemap */ = {isa = PBXFileReference; lastKnownFileType = "sourcecode.module-map"; path = Core.modulemap; sourceTree = "<group>"; };
		7D51F3CA20E6214600C5B07A /* IBAARPointCloud.h */ = {isa = PBXFileReference; lastKnownFileType = sourcecode.c.h; path = IBAARPointCloud.h; sourceTree = "<group>"; };
		7D51F3CB20E6214600C5B07A /* IBAARPointCloud.m */ = {isa = PBXFileReference; lastKnownFileType = sourcecode.c.objc; path = IBAARPointCloud.m; sourceTree = "<group>"; };
		7D51F3D720E62B3A00C5B07A /* IBAARConstants.h */ = {isa = PBXFileReference; lastKnownFileType = sourcecode.c.h; path = IBAARConstants.h; sourceTree = "<group>"; };
		7D51F3D820E62B3A00C5B07A /* IBAARConstants.m */ = {isa = PBXFileReference; lastKnownFileType = sourcecode.c.objc; path = IBAARConstants.m; sourceTree = "<group>"; };
		7D638F77210ABEDD00609536 /* IBAARLightEstimate.h */ = {isa = PBXFileReference; lastKnownFileType = sourcecode.c.h; path = IBAARLightEstimate.h; sourceTree = "<group>"; };
		7D638F78210ABEDD00609536 /* IBAARLightEstimate.m */ = {isa = PBXFileReference; lastKnownFileType = sourcecode.c.objc; path = IBAARLightEstimate.m; sourceTree = "<group>"; };
		7D6EBAB420FA23C700A2CA78 /* IBAMemoryUtilities.h */ = {isa = PBXFileReference; lastKnownFileType = sourcecode.c.h; path = IBAMemoryUtilities.h; sourceTree = "<group>"; };
		7D6EBAB520FA23C700A2CA78 /* IBAMemoryUtilities.m */ = {isa = PBXFileReference; lastKnownFileType = sourcecode.c.objc; path = IBAMemoryUtilities.m; sourceTree = "<group>"; };
		7D89A17E20F9FD6000F95F75 /* IBAARPlaneGeometry.h */ = {isa = PBXFileReference; lastKnownFileType = sourcecode.c.h; path = IBAARPlaneGeometry.h; sourceTree = "<group>"; };
		7D89A17F20F9FD6000F95F75 /* IBAARPlaneGeometry.m */ = {isa = PBXFileReference; lastKnownFileType = sourcecode.c.objc; path = IBAARPlaneGeometry.m; sourceTree = "<group>"; };
		7DF5530020F0BBD500B50FDD /* IBABox.h */ = {isa = PBXFileReference; lastKnownFileType = sourcecode.c.h; path = IBABox.h; sourceTree = "<group>"; };
		7DF5530120F0BBD500B50FDD /* IBABox.m */ = {isa = PBXFileReference; lastKnownFileType = sourcecode.c.objc; path = IBABox.m; sourceTree = "<group>"; };
		7DF5530820F0C71E00B50FDD /* IBASimdUtilities.h */ = {isa = PBXFileReference; lastKnownFileType = sourcecode.c.h; path = IBASimdUtilities.h; sourceTree = "<group>"; };
		7DF5530920F0C71E00B50FDD /* IBASimdUtilities.m */ = {isa = PBXFileReference; lastKnownFileType = sourcecode.c.objc; path = IBASimdUtilities.m; sourceTree = "<group>"; };
/* End PBXFileReference section */

/* Begin PBXFrameworksBuildPhase section */
		7D45E0DF20E5BCDF007F60CC /* Frameworks */ = {
			isa = PBXFrameworksBuildPhase;
			buildActionMask = 2147483647;
			files = (
			);
			runOnlyForDeploymentPostprocessing = 0;
		};
/* End PBXFrameworksBuildPhase section */

/* Begin PBXGroup section */
		7D1FC1AC20EEFA730015C236 /* Model */ = {
			isa = PBXGroup;
			children = (
				7D2D738420F83672003883B8 /* IBAARAnchor.h */,
				7D2D738520F83672003883B8 /* IBAARAnchor.m */,
				7D1FC1A420EEF3280015C236 /* IBAARCamera.h */,
				7D1FC1A520EEF3280015C236 /* IBAARCamera.m */,
				7D1FC1BC20EF064A0015C236 /* IBAARFrame.h */,
				7D1FC1BD20EF064A0015C236 /* IBAARFrame.m */,
				7D638F77210ABEDD00609536 /* IBAARLightEstimate.h */,
				7D638F78210ABEDD00609536 /* IBAARLightEstimate.m */,
				7D2D73AA20F86D2D003883B8 /* IBAARPlaneAnchor.h */,
				7D2D73AB20F86D2D003883B8 /* IBAARPlaneAnchor.m */,
				7D89A17E20F9FD6000F95F75 /* IBAARPlaneGeometry.h */,
				7D89A17F20F9FD6000F95F75 /* IBAARPlaneGeometry.m */,
				7D51F3CA20E6214600C5B07A /* IBAARPointCloud.h */,
				7D51F3CB20E6214600C5B07A /* IBAARPointCloud.m */,
				7DF5530020F0BBD500B50FDD /* IBABox.h */,
				7DF5530120F0BBD500B50FDD /* IBABox.m */,
			);
			name = Model;
			sourceTree = "<group>";
		};
		7D1FC1AE20EEFA7A0015C236 /* Utilities */ = {
			isa = PBXGroup;
			children = (
				7D6EBAB420FA23C700A2CA78 /* IBAMemoryUtilities.h */,
				7D6EBAB520FA23C700A2CA78 /* IBAMemoryUtilities.m */,
				7DF5530820F0C71E00B50FDD /* IBASimdUtilities.h */,
				7DF5530920F0C71E00B50FDD /* IBASimdUtilities.m */,
				7D1FC1A820EEFA700015C236 /* NSCoder+IBACodingHelpers.h */,
				7D1FC1A920EEFA700015C236 /* NSCoder+IBACodingHelpers.m */,
			);
			name = Utilities;
			sourceTree = "<group>";
		};
		7D2D73AE20F871C5003883B8 /* Messaging */ = {
			isa = PBXGroup;
			children = (
				7D2D73AF20F871DF003883B8 /* IBAServerMessage.h */,
				7D2D73B020F871DF003883B8 /* IBAServerMessage.m */,
			);
			name = Messaging;
			sourceTree = "<group>";
		};
		7D45E0D920E5BCDF007F60CC = {
			isa = PBXGroup;
			children = (
				7D51F3A520E5C09F00C5B07A /* Configuration */,
				7D45E0E320E5BCDF007F60CC /* Products */,
				7D45E0E420E5BCDF007F60CC /* Source */,
			);
			sourceTree = "<group>";
		};
		7D45E0E320E5BCDF007F60CC /* Products */ = {
			isa = PBXGroup;
			children = (
				7D45E0E220E5BCDF007F60CC /* libCore.a */,
			);
			name = Products;
			sourceTree = "<group>";
		};
		7D45E0E420E5BCDF007F60CC /* Source */ = {
			isa = PBXGroup;
			children = (
				7D45E0E520E5BCDF007F60CC /* Core.h */,
				7D51F3C020E5C61B00C5B07A /* Core.modulemap */,
				7D51F3D720E62B3A00C5B07A /* IBAARConstants.h */,
				7D51F3D820E62B3A00C5B07A /* IBAARConstants.m */,
				7D2D73AE20F871C5003883B8 /* Messaging */,
				7D1FC1AC20EEFA730015C236 /* Model */,
				7D1FC1AE20EEFA7A0015C236 /* Utilities */,
			);
			path = Source;
			sourceTree = "<group>";
		};
		7D51F3A520E5C09F00C5B07A /* Configuration */ = {
			isa = PBXGroup;
			children = (
				7D51F3A620E5C09F00C5B07A /* Project-Shared.xcconfig */,
			);
			path = Configuration;
			sourceTree = "<group>";
		};
/* End PBXGroup section */

/* Begin PBXHeadersBuildPhase section */
		7D51F3C220E5C8D600C5B07A /* Headers */ = {
			isa = PBXHeadersBuildPhase;
			buildActionMask = 2147483647;
			files = (
				7D51F3C320E5C8DC00C5B07A /* Core.h in Headers */,
				7D89A18020F9FD6000F95F75 /* IBAARPlaneGeometry.h in Headers */,
				7D51F3CC20E6214600C5B07A /* IBAARPointCloud.h in Headers */,
				7DF5530220F0BBD500B50FDD /* IBABox.h in Headers */,
				7D51F3D920E62B3A00C5B07A /* IBAARConstants.h in Headers */,
				7D2D73AC20F86D2D003883B8 /* IBAARPlaneAnchor.h in Headers */,
				7D1FC1A620EEF3280015C236 /* IBAARCamera.h in Headers */,
				7D638F79210ABEDD00609536 /* IBAARLightEstimate.h in Headers */,
				7D2D73B120F871DF003883B8 /* IBAServerMessage.h in Headers */,
				7D2D738620F83672003883B8 /* IBAARAnchor.h in Headers */,
				7DF5530A20F0C71E00B50FDD /* IBASimdUtilities.h in Headers */,
				7D1FC1BE20EF064A0015C236 /* IBAARFrame.h in Headers */,
				7D6EBAB620FA23C700A2CA78 /* IBAMemoryUtilities.h in Headers */,
				7D1FC1AA20EEFA700015C236 /* NSCoder+IBACodingHelpers.h in Headers */,
			);
			runOnlyForDeploymentPostprocessing = 0;
		};
/* End PBXHeadersBuildPhase section */

/* Begin PBXNativeTarget section */
		7D45E0E120E5BCDF007F60CC /* Core */ = {
			isa = PBXNativeTarget;
			buildConfigurationList = 7D45E0EB20E5BCDF007F60CC /* Build configuration list for PBXNativeTarget "Core" */;
			buildPhases = (
				7D51F3C120E5C6E100C5B07A /* Package Module Map */,
				7D45E0DE20E5BCDF007F60CC /* Sources */,
				7D45E0DF20E5BCDF007F60CC /* Frameworks */,
				7D51F3C220E5C8D600C5B07A /* Headers */,
			);
			buildRules = (
			);
			dependencies = (
			);
			name = Core;
			productName = RevealARCore;
			productReference = 7D45E0E220E5BCDF007F60CC /* libCore.a */;
			productType = "com.apple.product-type.library.static";
		};
/* End PBXNativeTarget section */

/* Begin PBXProject section */
		7D45E0DA20E5BCDF007F60CC /* Project object */ = {
			isa = PBXProject;
			attributes = {
				CLASSPREFIX = IBA;
				LastUpgradeCheck = 1000;
				ORGANIZATIONNAME = "Itty Bitty Apps Pty Ltd";
				TargetAttributes = {
					7D45E0E120E5BCDF007F60CC = {
						CreatedOnToolsVersion = 10.0;
					};
				};
			};
			buildConfigurationList = 7D45E0DD20E5BCDF007F60CC /* Build configuration list for PBXProject "Core" */;
			compatibilityVersion = "Xcode 9.3";
			developmentRegion = en;
			hasScannedForEncodings = 0;
			knownRegions = (
				en,
			);
			mainGroup = 7D45E0D920E5BCDF007F60CC;
			productRefGroup = 7D45E0E320E5BCDF007F60CC /* Products */;
			projectDirPath = "";
			projectRoot = "";
			targets = (
				7D45E0E120E5BCDF007F60CC /* Core */,
			);
		};
/* End PBXProject section */

/* Begin PBXShellScriptBuildPhase section */
		7D51F3C120E5C6E100C5B07A /* Package Module Map */ = {
			isa = PBXShellScriptBuildPhase;
			buildActionMask = 2147483647;
			files = (
			);
			inputFileListPaths = (
			);
			inputPaths = (
				"$(SRCROOT)/Source/Core.modulemap",
			);
			name = "Package Module Map";
			outputFileListPaths = (
			);
			outputPaths = (
			);
			runOnlyForDeploymentPostprocessing = 0;
			shellPath = /bin/sh;
			shellScript = "\"$PROJECT_DIR/../Support/Scripts/package_modulemap.py\"\n";
		};
/* End PBXShellScriptBuildPhase section */

/* Begin PBXSourcesBuildPhase section */
		7D45E0DE20E5BCDF007F60CC /* Sources */ = {
			isa = PBXSourcesBuildPhase;
			buildActionMask = 2147483647;
			files = (
				7D6EBAB720FA23C700A2CA78 /* IBAMemoryUtilities.m in Sources */,
				7DF5530B20F0C71E00B50FDD /* IBASimdUtilities.m in Sources */,
				7D638F7A210ABEDD00609536 /* IBAARLightEstimate.m in Sources */,
				7D51F3DA20E62B3A00C5B07A /* IBAARConstants.m in Sources */,
				7D2D738720F83672003883B8 /* IBAARAnchor.m in Sources */,
				7D1FC1AB20EEFA700015C236 /* NSCoder+IBACodingHelpers.m in Sources */,
				7DF5530320F0BBD500B50FDD /* IBABox.m in Sources */,
				7D89A18120F9FD6000F95F75 /* IBAARPlaneGeometry.m in Sources */,
				7D2D73AD20F86D2D003883B8 /* IBAARPlaneAnchor.m in Sources */,
				7D1FC1A720EEF3280015C236 /* IBAARCamera.m in Sources */,
				7D51F3CD20E6214600C5B07A /* IBAARPointCloud.m in Sources */,
				7D2D73B220F871DF003883B8 /* IBAServerMessage.m in Sources */,
				7D1FC1BF20EF064A0015C236 /* IBAARFrame.m in Sources */,
			);
			runOnlyForDeploymentPostprocessing = 0;
		};
/* End PBXSourcesBuildPhase section */

/* Begin XCBuildConfiguration section */
		7D45E0E920E5BCDF007F60CC /* Debug */ = {
			isa = XCBuildConfiguration;
			buildSettings = {
				ALWAYS_SEARCH_USER_PATHS = NO;
				CLANG_ANALYZER_NONNULL = YES;
				CLANG_ANALYZER_NUMBER_OBJECT_CONVERSION = YES_AGGRESSIVE;
				CLANG_CXX_LANGUAGE_STANDARD = "gnu++14";
				CLANG_CXX_LIBRARY = "libc++";
				CLANG_ENABLE_MODULES = YES;
				CLANG_ENABLE_OBJC_ARC = YES;
				CLANG_ENABLE_OBJC_WEAK = YES;
				CLANG_WARN_BLOCK_CAPTURE_AUTORELEASING = YES;
				CLANG_WARN_BOOL_CONVERSION = YES;
				CLANG_WARN_COMMA = YES;
				CLANG_WARN_CONSTANT_CONVERSION = YES;
				CLANG_WARN_DEPRECATED_OBJC_IMPLEMENTATIONS = YES;
				CLANG_WARN_DIRECT_OBJC_ISA_USAGE = YES_ERROR;
				CLANG_WARN_DOCUMENTATION_COMMENTS = YES;
				CLANG_WARN_EMPTY_BODY = YES;
				CLANG_WARN_ENUM_CONVERSION = YES;
				CLANG_WARN_INFINITE_RECURSION = YES;
				CLANG_WARN_INT_CONVERSION = YES;
				CLANG_WARN_NON_LITERAL_NULL_CONVERSION = YES;
				CLANG_WARN_OBJC_IMPLICIT_RETAIN_SELF = YES;
				CLANG_WARN_OBJC_LITERAL_CONVERSION = YES;
				CLANG_WARN_OBJC_ROOT_CLASS = YES_ERROR;
				CLANG_WARN_RANGE_LOOP_ANALYSIS = YES;
				CLANG_WARN_STRICT_PROTOTYPES = YES;
				CLANG_WARN_SUSPICIOUS_MOVE = YES;
				CLANG_WARN_UNGUARDED_AVAILABILITY = YES_AGGRESSIVE;
				CLANG_WARN_UNREACHABLE_CODE = YES;
				CLANG_WARN__DUPLICATE_METHOD_MATCH = YES;
				CODE_SIGN_IDENTITY = "iPhone Developer";
				COPY_PHASE_STRIP = NO;
				DEBUG_INFORMATION_FORMAT = dwarf;
				ENABLE_STRICT_OBJC_MSGSEND = YES;
				ENABLE_TESTABILITY = YES;
				GCC_C_LANGUAGE_STANDARD = gnu11;
				GCC_DYNAMIC_NO_PIC = NO;
				GCC_NO_COMMON_BLOCKS = YES;
				GCC_OPTIMIZATION_LEVEL = 0;
				GCC_PREPROCESSOR_DEFINITIONS = (
					"DEBUG=1",
					"$(inherited)",
				);
				GCC_WARN_64_TO_32_BIT_CONVERSION = YES;
				GCC_WARN_ABOUT_RETURN_TYPE = YES_ERROR;
				GCC_WARN_UNDECLARED_SELECTOR = YES;
				GCC_WARN_UNINITIALIZED_AUTOS = YES_AGGRESSIVE;
				GCC_WARN_UNUSED_FUNCTION = YES;
				GCC_WARN_UNUSED_VARIABLE = YES;
				IPHONEOS_DEPLOYMENT_TARGET = 11.0;
				MACOSX_DEPLOYMENT_TARGET = 10.13;
				MTL_ENABLE_DEBUG_INFO = INCLUDE_SOURCE;
				ONLY_ACTIVE_ARCH = YES;
				SDKROOT = "";
				SUPPORTED_PLATFORMS = "";
				VALID_ARCHS = "";
			};
			name = Debug;
		};
		7D45E0EA20E5BCDF007F60CC /* Release */ = {
			isa = XCBuildConfiguration;
			buildSettings = {
				ALWAYS_SEARCH_USER_PATHS = NO;
				CLANG_ANALYZER_NONNULL = YES;
				CLANG_ANALYZER_NUMBER_OBJECT_CONVERSION = YES_AGGRESSIVE;
				CLANG_CXX_LANGUAGE_STANDARD = "gnu++14";
				CLANG_CXX_LIBRARY = "libc++";
				CLANG_ENABLE_MODULES = YES;
				CLANG_ENABLE_OBJC_ARC = YES;
				CLANG_ENABLE_OBJC_WEAK = YES;
				CLANG_WARN_BLOCK_CAPTURE_AUTORELEASING = YES;
				CLANG_WARN_BOOL_CONVERSION = YES;
				CLANG_WARN_COMMA = YES;
				CLANG_WARN_CONSTANT_CONVERSION = YES;
				CLANG_WARN_DEPRECATED_OBJC_IMPLEMENTATIONS = YES;
				CLANG_WARN_DIRECT_OBJC_ISA_USAGE = YES_ERROR;
				CLANG_WARN_DOCUMENTATION_COMMENTS = YES;
				CLANG_WARN_EMPTY_BODY = YES;
				CLANG_WARN_ENUM_CONVERSION = YES;
				CLANG_WARN_INFINITE_RECURSION = YES;
				CLANG_WARN_INT_CONVERSION = YES;
				CLANG_WARN_NON_LITERAL_NULL_CONVERSION = YES;
				CLANG_WARN_OBJC_IMPLICIT_RETAIN_SELF = YES;
				CLANG_WARN_OBJC_LITERAL_CONVERSION = YES;
				CLANG_WARN_OBJC_ROOT_CLASS = YES_ERROR;
				CLANG_WARN_RANGE_LOOP_ANALYSIS = YES;
				CLANG_WARN_STRICT_PROTOTYPES = YES;
				CLANG_WARN_SUSPICIOUS_MOVE = YES;
				CLANG_WARN_UNGUARDED_AVAILABILITY = YES_AGGRESSIVE;
				CLANG_WARN_UNREACHABLE_CODE = YES;
				CLANG_WARN__DUPLICATE_METHOD_MATCH = YES;
				CODE_SIGN_IDENTITY = "iPhone Developer";
				COPY_PHASE_STRIP = NO;
				DEBUG_INFORMATION_FORMAT = "dwarf-with-dsym";
				ENABLE_NS_ASSERTIONS = NO;
				ENABLE_STRICT_OBJC_MSGSEND = YES;
				GCC_C_LANGUAGE_STANDARD = gnu11;
				GCC_NO_COMMON_BLOCKS = YES;
				GCC_WARN_64_TO_32_BIT_CONVERSION = YES;
				GCC_WARN_ABOUT_RETURN_TYPE = YES_ERROR;
				GCC_WARN_UNDECLARED_SELECTOR = YES;
				GCC_WARN_UNINITIALIZED_AUTOS = YES_AGGRESSIVE;
				GCC_WARN_UNUSED_FUNCTION = YES;
				GCC_WARN_UNUSED_VARIABLE = YES;
				IPHONEOS_DEPLOYMENT_TARGET = 11.0;
				MACOSX_DEPLOYMENT_TARGET = 10.13;
				MTL_ENABLE_DEBUG_INFO = NO;
				SDKROOT = "";
				SUPPORTED_PLATFORMS = "";
				VALIDATE_PRODUCT = YES;
				VALID_ARCHS = "";
			};
			name = Release;
		};
		7D45E0EC20E5BCDF007F60CC /* Debug */ = {
			isa = XCBuildConfiguration;
			baseConfigurationReference = 7D51F3A620E5C09F00C5B07A /* Project-Shared.xcconfig */;
			buildSettings = {
				CODE_SIGN_STYLE = Automatic;
				DEVELOPMENT_TEAM = KBY3G4JPGC;
				OTHER_LDFLAGS = "-ObjC";
				PRODUCT_NAME = "$(TARGET_NAME)";
				SKIP_INSTALL = YES;
				TARGETED_DEVICE_FAMILY = "1,2";
			};
			name = Debug;
		};
		7D45E0ED20E5BCDF007F60CC /* Release */ = {
			isa = XCBuildConfiguration;
			baseConfigurationReference = 7D51F3A620E5C09F00C5B07A /* Project-Shared.xcconfig */;
			buildSettings = {
				CODE_SIGN_STYLE = Automatic;
				DEVELOPMENT_TEAM = KBY3G4JPGC;
				OTHER_LDFLAGS = "-ObjC";
				PRODUCT_NAME = "$(TARGET_NAME)";
				SKIP_INSTALL = YES;
				TARGETED_DEVICE_FAMILY = "1,2";
			};
			name = Release;
		};
/* End XCBuildConfiguration section */

/* Begin XCConfigurationList section */
		7D45E0DD20E5BCDF007F60CC /* Build configuration list for PBXProject "Core" */ = {
			isa = XCConfigurationList;
			buildConfigurations = (
				7D45E0E920E5BCDF007F60CC /* Debug */,
				7D45E0EA20E5BCDF007F60CC /* Release */,
			);
			defaultConfigurationIsVisible = 0;
			defaultConfigurationName = Release;
		};
		7D45E0EB20E5BCDF007F60CC /* Build configuration list for PBXNativeTarget "Core" */ = {
			isa = XCConfigurationList;
			buildConfigurations = (
				7D45E0EC20E5BCDF007F60CC /* Debug */,
				7D45E0ED20E5BCDF007F60CC /* Release */,
			);
			defaultConfigurationIsVisible = 0;
			defaultConfigurationName = Release;
		};
/* End XCConfigurationList section */
	};
	rootObject = 7D45E0DA20E5BCDF007F60CC /* Project object */;
}
