// !$*UTF8*$!
{
	archiveVersion = 1;
	classes = {
	};
	objectVersion = 50;
	objects = {

/* Begin PBXBuildFile section */
		7D20186E2114476C000D319B /* AppDelegate.swift in Sources */ = {isa = PBXBuildFile; fileRef = 7D20186D2114476C000D319B /* AppDelegate.swift */; };
		7D2018722114476C000D319B /* ViewController.swift in Sources */ = {isa = PBXBuildFile; fileRef = 7D2018712114476C000D319B /* ViewController.swift */; };
		7D2018752114476C000D319B /* Main.storyboard in Resources */ = {isa = PBXBuildFile; fileRef = 7D2018732114476C000D319B /* Main.storyboard */; };
		7D2018772114476D000D319B /* Assets.xcassets in Resources */ = {isa = PBXBuildFile; fileRef = 7D2018762114476D000D319B /* Assets.xcassets */; };
		7D20187A2114476D000D319B /* LaunchScreen.storyboard in Resources */ = {isa = PBXBuildFile; fileRef = 7D2018782114476D000D319B /* LaunchScreen.storyboard */; };
		7D20188E21144D17000D319B /* SettingsViewController.swift in Sources */ = {isa = PBXBuildFile; fileRef = 7D20188D21144D17000D319B /* SettingsViewController.swift */; };
		7D270B9521B4C0FA00CE3DF7 /* ClientCore.framework in Frameworks */ = {isa = PBXBuildFile; fileRef = 7D270B9421B4C0FA00CE3DF7 /* ClientCore.framework */; };
		7D270B9621B4C0FA00CE3DF7 /* ClientCore.framework in Embed Frameworks */ = {isa = PBXBuildFile; fileRef = 7D270B9421B4C0FA00CE3DF7 /* ClientCore.framework */; settings = {ATTRIBUTES = (CodeSignOnCopy, RemoveHeadersOnCopy, ); }; };
/* End PBXBuildFile section */

/* Begin PBXCopyFilesBuildPhase section */
		7D270B8E21B4C09A00CE3DF7 /* Embed Frameworks */ = {
			isa = PBXCopyFilesBuildPhase;
			buildActionMask = 2147483647;
			dstPath = "";
			dstSubfolderSpec = 10;
			files = (
				7D270B9621B4C0FA00CE3DF7 /* ClientCore.framework in Embed Frameworks */,
			);
			name = "Embed Frameworks";
			runOnlyForDeploymentPostprocessing = 0;
		};
/* End PBXCopyFilesBuildPhase section */

/* Begin PBXFileReference section */
		7D20186A2114476C000D319B /* MobileClient.app */ = {isa = PBXFileReference; explicitFileType = wrapper.application; includeInIndex = 0; path = MobileClient.app; sourceTree = BUILT_PRODUCTS_DIR; };
		7D20186D2114476C000D319B /* AppDelegate.swift */ = {isa = PBXFileReference; lastKnownFileType = sourcecode.swift; path = AppDelegate.swift; sourceTree = "<group>"; };
		7D2018712114476C000D319B /* ViewController.swift */ = {isa = PBXFileReference; lastKnownFileType = sourcecode.swift; path = ViewController.swift; sourceTree = "<group>"; };
		7D2018742114476C000D319B /* Base */ = {isa = PBXFileReference; lastKnownFileType = file.storyboard; name = Base; path = Base.lproj/Main.storyboard; sourceTree = "<group>"; };
		7D2018762114476D000D319B /* Assets.xcassets */ = {isa = PBXFileReference; lastKnownFileType = folder.assetcatalog; path = Assets.xcassets; sourceTree = "<group>"; };
		7D2018792114476D000D319B /* Base */ = {isa = PBXFileReference; lastKnownFileType = file.storyboard; name = Base; path = Base.lproj/LaunchScreen.storyboard; sourceTree = "<group>"; };
		7D20187B2114476D000D319B /* Info.plist */ = {isa = PBXFileReference; lastKnownFileType = text.plist.xml; path = Info.plist; sourceTree = "<group>"; };
		7D20188D21144D17000D319B /* SettingsViewController.swift */ = {isa = PBXFileReference; lastKnownFileType = sourcecode.swift; path = SettingsViewController.swift; sourceTree = "<group>"; };
		7D270B9421B4C0FA00CE3DF7 /* ClientCore.framework */ = {isa = PBXFileReference; explicitFileType = wrapper.framework; path = ClientCore.framework; sourceTree = BUILT_PRODUCTS_DIR; };
/* End PBXFileReference section */

/* Begin PBXFrameworksBuildPhase section */
		7D2018672114476C000D319B /* Frameworks */ = {
			isa = PBXFrameworksBuildPhase;
			buildActionMask = 2147483647;
			files = (
				7D270B9521B4C0FA00CE3DF7 /* ClientCore.framework in Frameworks */,
			);
			runOnlyForDeploymentPostprocessing = 0;
		};
/* End PBXFrameworksBuildPhase section */

/* Begin PBXGroup section */
		7D2018612114476C000D319B = {
			isa = PBXGroup;
			children = (
				7D270B9821B4C10500CE3DF7 /* Frameworks */,
				7D20186B2114476C000D319B /* Products */,
				7DFB257C21B4E89300FFFB9D /* Resources */,
				7D20186C2114476C000D319B /* Source */,
			);
			sourceTree = "<group>";
		};
		7D20186B2114476C000D319B /* Products */ = {
			isa = PBXGroup;
			children = (
				7D20186A2114476C000D319B /* MobileClient.app */,
			);
			name = Products;
			sourceTree = "<group>";
		};
		7D20186C2114476C000D319B /* Source */ = {
			isa = PBXGroup;
			children = (
				7D20186D2114476C000D319B /* AppDelegate.swift */,
				7D20187B2114476D000D319B /* Info.plist */,
				7D20188D21144D17000D319B /* SettingsViewController.swift */,
				7D2018712114476C000D319B /* ViewController.swift */,
			);
			path = Source;
			sourceTree = "<group>";
		};
		7D270B9821B4C10500CE3DF7 /* Frameworks */ = {
			isa = PBXGroup;
			children = (
				7D270B9421B4C0FA00CE3DF7 /* ClientCore.framework */,
			);
			name = Frameworks;
			sourceTree = "<group>";
		};
		7DFB257C21B4E89300FFFB9D /* Resources */ = {
			isa = PBXGroup;
			children = (
				7D2018762114476D000D319B /* Assets.xcassets */,
				7D2018782114476D000D319B /* LaunchScreen.storyboard */,
				7D2018732114476C000D319B /* Main.storyboard */,
			);
			path = Resources;
			sourceTree = "<group>";
		};
/* End PBXGroup section */

/* Begin PBXNativeTarget section */
		7D2018692114476C000D319B /* MobileClient */ = {
			isa = PBXNativeTarget;
			buildConfigurationList = 7D20187E2114476D000D319B /* Build configuration list for PBXNativeTarget "MobileClient" */;
			buildPhases = (
				7D2018662114476C000D319B /* Sources */,
				7D2018672114476C000D319B /* Frameworks */,
				7D2018682114476C000D319B /* Resources */,
				7D270B8E21B4C09A00CE3DF7 /* Embed Frameworks */,
			);
			buildRules = (
			);
			dependencies = (
			);
			name = MobileClient;
			productName = RevealARMobileClient;
			productReference = 7D20186A2114476C000D319B /* MobileClient.app */;
			productType = "com.apple.product-type.application";
		};
/* End PBXNativeTarget section */

/* Begin PBXProject section */
		7D2018622114476C000D319B /* Project object */ = {
			isa = PBXProject;
			attributes = {
				LastSwiftUpdateCheck = 1000;
				LastUpgradeCheck = 1000;
				ORGANIZATIONNAME = "Itty Bitty Apps Pty Ltd";
				TargetAttributes = {
					7D2018692114476C000D319B = {
						CreatedOnToolsVersion = 10.0;
					};
				};
			};
			buildConfigurationList = 7D2018652114476C000D319B /* Build configuration list for PBXProject "MobileClient" */;
			compatibilityVersion = "Xcode 9.3";
			developmentRegion = en;
			hasScannedForEncodings = 0;
			knownRegions = (
				en,
				Base,
			);
			mainGroup = 7D2018612114476C000D319B;
			productRefGroup = 7D20186B2114476C000D319B /* Products */;
			projectDirPath = "";
			projectRoot = "";
			targets = (
				7D2018692114476C000D319B /* MobileClient */,
			);
		};
/* End PBXProject section */

/* Begin PBXResourcesBuildPhase section */
		7D2018682114476C000D319B /* Resources */ = {
			isa = PBXResourcesBuildPhase;
			buildActionMask = 2147483647;
			files = (
				7D20187A2114476D000D319B /* LaunchScreen.storyboard in Resources */,
				7D2018772114476D000D319B /* Assets.xcassets in Resources */,
				7D2018752114476C000D319B /* Main.storyboard in Resources */,
			);
			runOnlyForDeploymentPostprocessing = 0;
		};
/* End PBXResourcesBuildPhase section */

/* Begin PBXSourcesBuildPhase section */
		7D2018662114476C000D319B /* Sources */ = {
			isa = PBXSourcesBuildPhase;
			buildActionMask = 2147483647;
			files = (
				7D2018722114476C000D319B /* ViewController.swift in Sources */,
				7D20186E2114476C000D319B /* AppDelegate.swift in Sources */,
				7D20188E21144D17000D319B /* SettingsViewController.swift in Sources */,
			);
			runOnlyForDeploymentPostprocessing = 0;
		};
/* End PBXSourcesBuildPhase section */

/* Begin PBXVariantGroup section */
		7D2018732114476C000D319B /* Main.storyboard */ = {
			isa = PBXVariantGroup;
			children = (
				7D2018742114476C000D319B /* Base */,
			);
			name = Main.storyboard;
			sourceTree = "<group>";
		};
		7D2018782114476D000D319B /* LaunchScreen.storyboard */ = {
			isa = PBXVariantGroup;
			children = (
				7D2018792114476D000D319B /* Base */,
			);
			name = LaunchScreen.storyboard;
			sourceTree = "<group>";
		};
/* End PBXVariantGroup section */

/* Begin XCBuildConfiguration section */
		7D20187C2114476D000D319B /* Debug */ = {
			isa = XCBuildConfiguration;
			buildSettings = {
				ALWAYS_SEARCH_USER_PATHS = NO;
				CLANG_ANALYZER_NONNULL = YES;
				CLANG_ANALYZER_NUMBER_OBJECT_CONVERSION = YES_AGGRESSIVE;
				CLANG_CXX_LANGUAGE_STANDARD = "gnu++14";
				CLANG_CXX_LIBRARY = "libc++";
				CLANG_ENABLE_MODULES = YES;
				CLANG_ENABLE_OBJC_ARC = YES;
				CLANG_ENABLE_OBJC_WEAK = YES;
				CLANG_WARN_BLOCK_CAPTURE_AUTORELEASING = YES;
				CLANG_WARN_BOOL_CONVERSION = YES;
				CLANG_WARN_COMMA = YES;
				CLANG_WARN_CONSTANT_CONVERSION = YES;
				CLANG_WARN_DEPRECATED_OBJC_IMPLEMENTATIONS = YES;
				CLANG_WARN_DIRECT_OBJC_ISA_USAGE = YES_ERROR;
				CLANG_WARN_DOCUMENTATION_COMMENTS = YES;
				CLANG_WARN_EMPTY_BODY = YES;
				CLANG_WARN_ENUM_CONVERSION = YES;
				CLANG_WARN_INFINITE_RECURSION = YES;
				CLANG_WARN_INT_CONVERSION = YES;
				CLANG_WARN_NON_LITERAL_NULL_CONVERSION = YES;
				CLANG_WARN_OBJC_IMPLICIT_RETAIN_SELF = YES;
				CLANG_WARN_OBJC_LITERAL_CONVERSION = YES;
				CLANG_WARN_OBJC_ROOT_CLASS = YES_ERROR;
				CLANG_WARN_RANGE_LOOP_ANALYSIS = YES;
				CLANG_WARN_STRICT_PROTOTYPES = YES;
				CLANG_WARN_SUSPICIOUS_MOVE = YES;
				CLANG_WARN_UNGUARDED_AVAILABILITY = YES_AGGRESSIVE;
				CLANG_WARN_UNREACHABLE_CODE = YES;
				CLANG_WARN__DUPLICATE_METHOD_MATCH = YES;
				CODE_SIGN_IDENTITY = "iPhone Developer";
				COPY_PHASE_STRIP = NO;
				DEBUG_INFORMATION_FORMAT = dwarf;
				ENABLE_STRICT_OBJC_MSGSEND = YES;
				ENABLE_TESTABILITY = YES;
				GCC_C_LANGUAGE_STANDARD = gnu11;
				GCC_DYNAMIC_NO_PIC = NO;
				GCC_NO_COMMON_BLOCKS = YES;
				GCC_OPTIMIZATION_LEVEL = 0;
				GCC_PREPROCESSOR_DEFINITIONS = (
					"DEBUG=1",
					"$(inherited)",
				);
				GCC_WARN_64_TO_32_BIT_CONVERSION = YES;
				GCC_WARN_ABOUT_RETURN_TYPE = YES_ERROR;
				GCC_WARN_UNDECLARED_SELECTOR = YES;
				GCC_WARN_UNINITIALIZED_AUTOS = YES_AGGRESSIVE;
				GCC_WARN_UNUSED_FUNCTION = YES;
				GCC_WARN_UNUSED_VARIABLE = YES;
				IPHONEOS_DEPLOYMENT_TARGET = 11.0;
				MTL_ENABLE_DEBUG_INFO = INCLUDE_SOURCE;
				MTL_FAST_MATH = YES;
				ONLY_ACTIVE_ARCH = YES;
				SDKROOT = iphoneos;
				SWIFT_ACTIVE_COMPILATION_CONDITIONS = DEBUG;
				SWIFT_OPTIMIZATION_LEVEL = "-Onone";
			};
			name = Debug;
		};
		7D20187D2114476D000D319B /* Release */ = {
			isa = XCBuildConfiguration;
			buildSettings = {
				ALWAYS_SEARCH_USER_PATHS = NO;
				CLANG_ANALYZER_NONNULL = YES;
				CLANG_ANALYZER_NUMBER_OBJECT_CONVERSION = YES_AGGRESSIVE;
				CLANG_CXX_LANGUAGE_STANDARD = "gnu++14";
				CLANG_CXX_LIBRARY = "libc++";
				CLANG_ENABLE_MODULES = YES;
				CLANG_ENABLE_OBJC_ARC = YES;
				CLANG_ENABLE_OBJC_WEAK = YES;
				CLANG_WARN_BLOCK_CAPTURE_AUTORELEASING = YES;
				CLANG_WARN_BOOL_CONVERSION = YES;
				CLANG_WARN_COMMA = YES;
				CLANG_WARN_CONSTANT_CONVERSION = YES;
				CLANG_WARN_DEPRECATED_OBJC_IMPLEMENTATIONS = YES;
				CLANG_WARN_DIRECT_OBJC_ISA_USAGE = YES_ERROR;
				CLANG_WARN_DOCUMENTATION_COMMENTS = YES;
				CLANG_WARN_EMPTY_BODY = YES;
				CLANG_WARN_ENUM_CONVERSION = YES;
				CLANG_WARN_INFINITE_RECURSION = YES;
				CLANG_WARN_INT_CONVERSION = YES;
				CLANG_WARN_NON_LITERAL_NULL_CONVERSION = YES;
				CLANG_WARN_OBJC_IMPLICIT_RETAIN_SELF = YES;
				CLANG_WARN_OBJC_LITERAL_CONVERSION = YES;
				CLANG_WARN_OBJC_ROOT_CLASS = YES_ERROR;
				CLANG_WARN_RANGE_LOOP_ANALYSIS = YES;
				CLANG_WARN_STRICT_PROTOTYPES = YES;
				CLANG_WARN_SUSPICIOUS_MOVE = YES;
				CLANG_WARN_UNGUARDED_AVAILABILITY = YES_AGGRESSIVE;
				CLANG_WARN_UNREACHABLE_CODE = YES;
				CLANG_WARN__DUPLICATE_METHOD_MATCH = YES;
				CODE_SIGN_IDENTITY = "iPhone Developer";
				COPY_PHASE_STRIP = NO;
				DEBUG_INFORMATION_FORMAT = "dwarf-with-dsym";
				ENABLE_NS_ASSERTIONS = NO;
				ENABLE_STRICT_OBJC_MSGSEND = YES;
				GCC_C_LANGUAGE_STANDARD = gnu11;
				GCC_NO_COMMON_BLOCKS = YES;
				GCC_WARN_64_TO_32_BIT_CONVERSION = YES;
				GCC_WARN_ABOUT_RETURN_TYPE = YES_ERROR;
				GCC_WARN_UNDECLARED_SELECTOR = YES;
				GCC_WARN_UNINITIALIZED_AUTOS = YES_AGGRESSIVE;
				GCC_WARN_UNUSED_FUNCTION = YES;
				GCC_WARN_UNUSED_VARIABLE = YES;
				IPHONEOS_DEPLOYMENT_TARGET = 11.0;
				MTL_ENABLE_DEBUG_INFO = NO;
				MTL_FAST_MATH = YES;
				SDKROOT = iphoneos;
				SWIFT_COMPILATION_MODE = wholemodule;
				SWIFT_OPTIMIZATION_LEVEL = "-O";
				VALIDATE_PRODUCT = YES;
			};
			name = Release;
		};
		7D20187F2114476D000D319B /* Debug */ = {
			isa = XCBuildConfiguration;
			buildSettings = {
				ASSETCATALOG_COMPILER_APPICON_NAME = AppIcon;
				CODE_SIGN_STYLE = Automatic;
				DEVELOPMENT_TEAM = "";
				INFOPLIST_FILE = "$(SRCROOT)/Source/Info.plist";
				LD_RUNPATH_SEARCH_PATHS = (
					"$(inherited)",
					"@executable_path/Frameworks",
				);
				PRODUCT_BUNDLE_IDENTIFIER = com.ittybittyapps.ARVisualizer.MobileClient;
				PRODUCT_NAME = "$(TARGET_NAME)";
				SWIFT_VERSION = 4.2;
				TARGETED_DEVICE_FAMILY = 2;
			};
			name = Debug;
		};
		7D2018802114476D000D319B /* Release */ = {
			isa = XCBuildConfiguration;
			buildSettings = {
				ASSETCATALOG_COMPILER_APPICON_NAME = AppIcon;
				CODE_SIGN_STYLE = Automatic;
				DEVELOPMENT_TEAM = "";
				INFOPLIST_FILE = "$(SRCROOT)/Source/Info.plist";
				LD_RUNPATH_SEARCH_PATHS = (
					"$(inherited)",
					"@executable_path/Frameworks",
				);
				PRODUCT_BUNDLE_IDENTIFIER = com.ittybittyapps.ARVisualizer.MobileClient;
				PRODUCT_NAME = "$(TARGET_NAME)";
				SWIFT_VERSION = 4.2;
				TARGETED_DEVICE_FAMILY = 2;
			};
			name = Release;
		};
/* End XCBuildConfiguration section */

/* Begin XCConfigurationList section */
		7D2018652114476C000D319B /* Build configuration list for PBXProject "MobileClient" */ = {
			isa = XCConfigurationList;
			buildConfigurations = (
				7D20187C2114476D000D319B /* Debug */,
				7D20187D2114476D000D319B /* Release */,
			);
			defaultConfigurationIsVisible = 0;
			defaultConfigurationName = Release;
		};
		7D20187E2114476D000D319B /* Build configuration list for PBXNativeTarget "MobileClient" */ = {
			isa = XCConfigurationList;
			buildConfigurations = (
				7D20187F2114476D000D319B /* Debug */,
				7D2018802114476D000D319B /* Release */,
			);
			defaultConfigurationIsVisible = 0;
			defaultConfigurationName = Release;
		};
/* End XCConfigurationList section */
	};
	rootObject = 7D2018622114476C000D319B /* Project object */;
}
